// !$*UTF8*$!
{
	archiveVersion = 1;
	classes = {
	};
	objectVersion = 56;
	objects = {

/* Begin PBXBuildFile section */
		84CCB5A32C20269200036B46 /* AppDelegate.swift in Sources */ = {isa = PBXBuildFile; fileRef = 84CCB5A22C20269200036B46 /* AppDelegate.swift */; };
		84CCB5A52C20269200036B46 /* SceneDelegate.swift in Sources */ = {isa = PBXBuildFile; fileRef = 84CCB5A42C20269200036B46 /* SceneDelegate.swift */; };
		84CCB5A72C20269200036B46 /* ViewController.swift in Sources */ = {isa = PBXBuildFile; fileRef = 84CCB5A62C20269200036B46 /* ViewController.swift */; };
		84CCB5AC2C20269400036B46 /* Assets.xcassets in Resources */ = {isa = PBXBuildFile; fileRef = 84CCB5AB2C20269400036B46 /* Assets.xcassets */; };
		84CCB5AF2C20269400036B46 /* Base in Resources */ = {isa = PBXBuildFile; fileRef = 84CCB5AE2C20269400036B46 /* Base */; };
		84CCB5B82C2026B200036B46 /* SnapKit in Frameworks */ = {isa = PBXBuildFile; productRef = 84CCB5B72C2026B200036B46 /* SnapKit */; };
		84CCB5BE2C20292900036B46 /* UIView + Extensions.swift in Sources */ = {isa = PBXBuildFile; fileRef = 84CCB5BD2C20292900036B46 /* UIView + Extensions.swift */; };
		84CCB5C02C202AB100036B46 /* ViewModel.swift in Sources */ = {isa = PBXBuildFile; fileRef = 84CCB5BF2C202AB100036B46 /* ViewModel.swift */; };
/* End PBXBuildFile section */

/* Begin PBXFileReference section */
		84CCB59F2C20269200036B46 /* imageURL.app */ = {isa = PBXFileReference; explicitFileType = wrapper.application; includeInIndex = 0; path = imageURL.app; sourceTree = BUILT_PRODUCTS_DIR; };
		84CCB5A22C20269200036B46 /* AppDelegate.swift */ = {isa = PBXFileReference; lastKnownFileType = sourcecode.swift; path = AppDelegate.swift; sourceTree = "<group>"; };
		84CCB5A42C20269200036B46 /* SceneDelegate.swift */ = {isa = PBXFileReference; lastKnownFileType = sourcecode.swift; path = SceneDelegate.swift; sourceTree = "<group>"; };
		84CCB5A62C20269200036B46 /* ViewController.swift */ = {isa = PBXFileReference; lastKnownFileType = sourcecode.swift; path = ViewController.swift; sourceTree = "<group>"; };
		84CCB5AB2C20269400036B46 /* Assets.xcassets */ = {isa = PBXFileReference; lastKnownFileType = folder.assetcatalog; path = Assets.xcassets; sourceTree = "<group>"; };
		84CCB5AE2C20269400036B46 /* Base */ = {isa = PBXFileReference; lastKnownFileType = file.storyboard; name = Base; path = Base.lproj/LaunchScreen.storyboard; sourceTree = "<group>"; };
		84CCB5B02C20269400036B46 /* Info.plist */ = {isa = PBXFileReference; lastKnownFileType = text.plist.xml; path = Info.plist; sourceTree = "<group>"; };
		84CCB5BD2C20292900036B46 /* UIView + Extensions.swift */ = {isa = PBXFileReference; lastKnownFileType = sourcecode.swift; path = "UIView + Extensions.swift"; sourceTree = "<group>"; };
		84CCB5BF2C202AB100036B46 /* ViewModel.swift */ = {isa = PBXFileReference; lastKnownFileType = sourcecode.swift; path = ViewModel.swift; sourceTree = "<group>"; };
/* End PBXFileReference section */

/* Begin PBXFrameworksBuildPhase section */
		84CCB59C2C20269200036B46 /* Frameworks */ = {
			isa = PBXFrameworksBuildPhase;
			buildActionMask = 2147483647;
			files = (
				84CCB5B82C2026B200036B46 /* SnapKit in Frameworks */,
			);
			runOnlyForDeploymentPostprocessing = 0;
		};
/* End PBXFrameworksBuildPhase section */

/* Begin PBXGroup section */
		84CCB5962C20269200036B46 = {
			isa = PBXGroup;
			children = (
				84CCB5A12C20269200036B46 /* imageURL */,
				84CCB5A02C20269200036B46 /* Products */,
			);
			sourceTree = "<group>";
		};
		84CCB5A02C20269200036B46 /* Products */ = {
			isa = PBXGroup;
			children = (
				84CCB59F2C20269200036B46 /* imageURL.app */,
			);
			name = Products;
			sourceTree = "<group>";
		};
		84CCB5A12C20269200036B46 /* imageURL */ = {
			isa = PBXGroup;
			children = (
				84CCB5BB2C20271000036B46 /* Extensions */,
				84CCB5C22C202AC300036B46 /* Models */,
				84CCB5C12C202AB700036B46 /* ViewModels */,
				84CCB5BC2C20278A00036B46 /* Views */,
				84CCB5B92C2026EF00036B46 /* Supporting */,
				84CCB5AB2C20269400036B46 /* Assets.xcassets */,
				84CCB5B02C20269400036B46 /* Info.plist */,
			);
			path = imageURL;
			sourceTree = "<group>";
		};
		84CCB5B92C2026EF00036B46 /* Supporting */ = {
			isa = PBXGroup;
			children = (
				84CCB5A22C20269200036B46 /* AppDelegate.swift */,
				84CCB5A42C20269200036B46 /* SceneDelegate.swift */,
				84CCB5AD2C20269400036B46 /* LaunchScreen.storyboard */,
			);
			path = Supporting;
			sourceTree = "<group>";
		};
		84CCB5BB2C20271000036B46 /* Extensions */ = {
			isa = PBXGroup;
			children = (
				84CCB5BD2C20292900036B46 /* UIView + Extensions.swift */,
			);
			path = Extensions;
			sourceTree = "<group>";
		};
		84CCB5BC2C20278A00036B46 /* Views */ = {
			isa = PBXGroup;
			children = (
				84CCB5A62C20269200036B46 /* ViewController.swift */,
			);
			path = Views;
			sourceTree = "<group>";
		};
		84CCB5C12C202AB700036B46 /* ViewModels */ = {
			isa = PBXGroup;
			children = (
				84CCB5BF2C202AB100036B46 /* ViewModel.swift */,
			);
			path = ViewModels;
			sourceTree = "<group>";
		};
		84CCB5C22C202AC300036B46 /* Models */ = {
			isa = PBXGroup;
			children = (
			);
			path = Models;
			sourceTree = "<group>";
		};
/* End PBXGroup section */

/* Begin PBXNativeTarget section */
		84CCB59E2C20269200036B46 /* imageURL */ = {
			isa = PBXNativeTarget;
			buildConfigurationList = 84CCB5B32C20269400036B46 /* Build configuration list for PBXNativeTarget "imageURL" */;
			buildPhases = (
				84CCB59B2C20269200036B46 /* Sources */,
				84CCB59C2C20269200036B46 /* Frameworks */,
				84CCB59D2C20269200036B46 /* Resources */,
			);
			buildRules = (
			);
			dependencies = (
			);
			name = imageURL;
			packageProductDependencies = (
				84CCB5B72C2026B200036B46 /* SnapKit */,
			);
			productName = imageURL;
			productReference = 84CCB59F2C20269200036B46 /* imageURL.app */;
			productType = "com.apple.product-type.application";
		};
/* End PBXNativeTarget section */

/* Begin PBXProject section */
		84CCB5972C20269200036B46 /* Project object */ = {
			isa = PBXProject;
			attributes = {
				BuildIndependentTargetsInParallel = 1;
				LastSwiftUpdateCheck = 1540;
				LastUpgradeCheck = 1540;
				TargetAttributes = {
					84CCB59E2C20269200036B46 = {
						CreatedOnToolsVersion = 15.4;
					};
				};
			};
			buildConfigurationList = 84CCB59A2C20269200036B46 /* Build configuration list for PBXProject "imageURL" */;
			compatibilityVersion = "Xcode 14.0";
			developmentRegion = en;
			hasScannedForEncodings = 0;
			knownRegions = (
				en,
				Base,
			);
			mainGroup = 84CCB5962C20269200036B46;
			packageReferences = (
				84CCB5B62C2026B200036B46 /* XCRemoteSwiftPackageReference "SnapKit" */,
			);
			productRefGroup = 84CCB5A02C20269200036B46 /* Products */;
			projectDirPath = "";
			projectRoot = "";
			targets = (
				84CCB59E2C20269200036B46 /* imageURL */,
			);
		};
/* End PBXProject section */

/* Begin PBXResourcesBuildPhase section */
		84CCB59D2C20269200036B46 /* Resources */ = {
			isa = PBXResourcesBuildPhase;
			buildActionMask = 2147483647;
			files = (
				84CCB5AC2C20269400036B46 /* Assets.xcassets in Resources */,
				84CCB5AF2C20269400036B46 /* Base in Resources */,
			);
			runOnlyForDeploymentPostprocessing = 0;
		};
/* End PBXResourcesBuildPhase section */

/* Begin PBXSourcesBuildPhase section */
		84CCB59B2C20269200036B46 /* Sources */ = {
			isa = PBXSourcesBuildPhase;
			buildActionMask = 2147483647;
			files = (
				84CCB5C02C202AB100036B46 /* ViewModel.swift in Sources */,
				84CCB5BE2C20292900036B46 /* UIView + Extensions.swift in Sources */,
				84CCB5A72C20269200036B46 /* ViewController.swift in Sources */,
				84CCB5A32C20269200036B46 /* AppDelegate.swift in Sources */,
				84CCB5A52C20269200036B46 /* SceneDelegate.swift in Sources */,
			);
			runOnlyForDeploymentPostprocessing = 0;
		};
/* End PBXSourcesBuildPhase section */

/* Begin PBXVariantGroup section */
		84CCB5AD2C20269400036B46 /* LaunchScreen.storyboard */ = {
			isa = PBXVariantGroup;
			children = (
				84CCB5AE2C20269400036B46 /* Base */,
			);
			name = LaunchScreen.storyboard;
			sourceTree = "<group>";
		};
/* End PBXVariantGroup section */

/* Begin XCBuildConfiguration section */
		84CCB5B12C20269400036B46 /* Debug */ = {
			isa = XCBuildConfiguration;
			buildSettings = {
				ALWAYS_SEARCH_USER_PATHS = NO;
				ASSETCATALOG_COMPILER_GENERATE_SWIFT_ASSET_SYMBOL_EXTENSIONS = YES;
				CLANG_ANALYZER_NONNULL = YES;
				CLANG_ANALYZER_NUMBER_OBJECT_CONVERSION = YES_AGGRESSIVE;
				CLANG_CXX_LANGUAGE_STANDARD = "gnu++20";
				CLANG_ENABLE_MODULES = YES;
				CLANG_ENABLE_OBJC_ARC = YES;
				CLANG_ENABLE_OBJC_WEAK = YES;
				CLANG_WARN_BLOCK_CAPTURE_AUTORELEASING = YES;
				CLANG_WARN_BOOL_CONVERSION = YES;
				CLANG_WARN_COMMA = YES;
				CLANG_WARN_CONSTANT_CONVERSION = YES;
				CLANG_WARN_DEPRECATED_OBJC_IMPLEMENTATIONS = YES;
				CLANG_WARN_DIRECT_OBJC_ISA_USAGE = YES_ERROR;
				CLANG_WARN_DOCUMENTATION_COMMENTS = YES;
				CLANG_WARN_EMPTY_BODY = YES;
				CLANG_WARN_ENUM_CONVERSION = YES;
				CLANG_WARN_INFINITE_RECURSION = YES;
				CLANG_WARN_INT_CONVERSION = YES;
				CLANG_WARN_NON_LITERAL_NULL_CONVERSION = YES;
				CLANG_WARN_OBJC_IMPLICIT_RETAIN_SELF = YES;
				CLANG_WARN_OBJC_LITERAL_CONVERSION = YES;
				CLANG_WARN_OBJC_ROOT_CLASS = YES_ERROR;
				CLANG_WARN_QUOTED_INCLUDE_IN_FRAMEWORK_HEADER = YES;
				CLANG_WARN_RANGE_LOOP_ANALYSIS = YES;
				CLANG_WARN_STRICT_PROTOTYPES = YES;
				CLANG_WARN_SUSPICIOUS_MOVE = YES;
				CLANG_WARN_UNGUARDED_AVAILABILITY = YES_AGGRESSIVE;
				CLANG_WARN_UNREACHABLE_CODE = YES;
				CLANG_WARN__DUPLICATE_METHOD_MATCH = YES;
				COPY_PHASE_STRIP = NO;
				DEBUG_INFORMATION_FORMAT = dwarf;
				ENABLE_STRICT_OBJC_MSGSEND = YES;
				ENABLE_TESTABILITY = YES;
				ENABLE_USER_SCRIPT_SANDBOXING = YES;
				GCC_C_LANGUAGE_STANDARD = gnu17;
				GCC_DYNAMIC_NO_PIC = NO;
				GCC_NO_COMMON_BLOCKS = YES;
				GCC_OPTIMIZATION_LEVEL = 0;
				GCC_PREPROCESSOR_DEFINITIONS = (
					"DEBUG=1",
					"$(inherited)",
				);
				GCC_WARN_64_TO_32_BIT_CONVERSION = YES;
				GCC_WARN_ABOUT_RETURN_TYPE = YES_ERROR;
				GCC_WARN_UNDECLARED_SELECTOR = YES;
				GCC_WARN_UNINITIALIZED_AUTOS = YES_AGGRESSIVE;
				GCC_WARN_UNUSED_FUNCTION = YES;
				GCC_WARN_UNUSED_VARIABLE = YES;
				IPHONEOS_DEPLOYMENT_TARGET = 17.5;
				LOCALIZATION_PREFERS_STRING_CATALOGS = YES;
				MTL_ENABLE_DEBUG_INFO = INCLUDE_SOURCE;
				MTL_FAST_MATH = YES;
				ONLY_ACTIVE_ARCH = YES;
				SDKROOT = iphoneos;
				SWIFT_ACTIVE_COMPILATION_CONDITIONS = "DEBUG $(inherited)";
				SWIFT_OPTIMIZATION_LEVEL = "-Onone";
			};
			name = Debug;
		};
		84CCB5B22C20269400036B46 /* Release */ = {
			isa = XCBuildConfiguration;
			buildSettings = {
				ALWAYS_SEARCH_USER_PATHS = NO;
				ASSETCATALOG_COMPILER_GENERATE_SWIFT_ASSET_SYMBOL_EXTENSIONS = YES;
				CLANG_ANALYZER_NONNULL = YES;
				CLANG_ANALYZER_NUMBER_OBJECT_CONVERSION = YES_AGGRESSIVE;
				CLANG_CXX_LANGUAGE_STANDARD = "gnu++20";
				CLANG_ENABLE_MODULES = YES;
				CLANG_ENABLE_OBJC_ARC = YES;
				CLANG_ENABLE_OBJC_WEAK = YES;
				CLANG_WARN_BLOCK_CAPTURE_AUTORELEASING = YES;
				CLANG_WARN_BOOL_CONVERSION = YES;
				CLANG_WARN_COMMA = YES;
				CLANG_WARN_CONSTANT_CONVERSION = YES;
				CLANG_WARN_DEPRECATED_OBJC_IMPLEMENTATIONS = YES;
				CLANG_WARN_DIRECT_OBJC_ISA_USAGE = YES_ERROR;
				CLANG_WARN_DOCUMENTATION_COMMENTS = YES;
				CLANG_WARN_EMPTY_BODY = YES;
				CLANG_WARN_ENUM_CONVERSION = YES;
				CLANG_WARN_INFINITE_RECURSION = YES;
				CLANG_WARN_INT_CONVERSION = YES;
				CLANG_WARN_NON_LITERAL_NULL_CONVERSION = YES;
				CLANG_WARN_OBJC_IMPLICIT_RETAIN_SELF = YES;
				CLANG_WARN_OBJC_LITERAL_CONVERSION = YES;
				CLANG_WARN_OBJC_ROOT_CLASS = YES_ERROR;
				CLANG_WARN_QUOTED_INCLUDE_IN_FRAMEWORK_HEADER = YES;
				CLANG_WARN_RANGE_LOOP_ANALYSIS = YES;
				CLANG_WARN_STRICT_PROTOTYPES = YES;
				CLANG_WARN_SUSPICIOUS_MOVE = YES;
				CLANG_WARN_UNGUARDED_AVAILABILITY = YES_AGGRESSIVE;
				CLANG_WARN_UNREACHABLE_CODE = YES;
				CLANG_WARN__DUPLICATE_METHOD_MATCH = YES;
				COPY_PHASE_STRIP = NO;
				DEBUG_INFORMATION_FORMAT = "dwarf-with-dsym";
				ENABLE_NS_ASSERTIONS = NO;
				ENABLE_STRICT_OBJC_MSGSEND = YES;
				ENABLE_USER_SCRIPT_SANDBOXING = YES;
				GCC_C_LANGUAGE_STANDARD = gnu17;
				GCC_NO_COMMON_BLOCKS = YES;
				GCC_WARN_64_TO_32_BIT_CONVERSION = YES;
				GCC_WARN_ABOUT_RETURN_TYPE = YES_ERROR;
				GCC_WARN_UNDECLARED_SELECTOR = YES;
				GCC_WARN_UNINITIALIZED_AUTOS = YES_AGGRESSIVE;
				GCC_WARN_UNUSED_FUNCTION = YES;
				GCC_WARN_UNUSED_VARIABLE = YES;
				IPHONEOS_DEPLOYMENT_TARGET = 17.5;
				LOCALIZATION_PREFERS_STRING_CATALOGS = YES;
				MTL_ENABLE_DEBUG_INFO = NO;
				MTL_FAST_MATH = YES;
				SDKROOT = iphoneos;
				SWIFT_COMPILATION_MODE = wholemodule;
				VALIDATE_PRODUCT = YES;
			};
			name = Release;
		};
		84CCB5B42C20269400036B46 /* Debug */ = {
			isa = XCBuildConfiguration;
			buildSettings = {
				ASSETCATALOG_COMPILER_APPICON_NAME = AppIcon;
				ASSETCATALOG_COMPILER_GLOBAL_ACCENT_COLOR_NAME = AccentColor;
				CODE_SIGN_STYLE = Automatic;
				CURRENT_PROJECT_VERSION = 1;
				DEVELOPMENT_TEAM = 9555ARGGFJ;
				GENERATE_INFOPLIST_FILE = YES;
				INFOPLIST_FILE = imageURL/Info.plist;
				INFOPLIST_KEY_UIApplicationSupportsIndirectInputEvents = YES;
				INFOPLIST_KEY_UILaunchStoryboardName = LaunchScreen;
				INFOPLIST_KEY_UISupportedInterfaceOrientations_iPad = "UIInterfaceOrientationPortrait UIInterfaceOrientationPortraitUpsideDown UIInterfaceOrientationLandscapeLeft UIInterfaceOrientationLandscapeRight";
				INFOPLIST_KEY_UISupportedInterfaceOrientations_iPhone = "UIInterfaceOrientationPortrait UIInterfaceOrientationLandscapeLeft UIInterfaceOrientationLandscapeRight";
				LD_RUNPATH_SEARCH_PATHS = (
					"$(inherited)",
					"@executable_path/Frameworks",
				);
				MARKETING_VERSION = 1.0;
				PRODUCT_BUNDLE_IDENTIFIER = com.sardorbek.imageURL;
				PRODUCT_NAME = "$(TARGET_NAME)";
				SWIFT_EMIT_LOC_STRINGS = YES;
				SWIFT_VERSION = 5.0;
				TARGETED_DEVICE_FAMILY = "1,2";
			};
			name = Debug;
		};
		84CCB5B52C20269400036B46 /* Release */ = {
			isa = XCBuildConfiguration;
			buildSettings = {
				ASSETCATALOG_COMPILER_APPICON_NAME = AppIcon;
				ASSETCATALOG_COMPILER_GLOBAL_ACCENT_COLOR_NAME = AccentColor;
				CODE_SIGN_STYLE = Automatic;
				CURRENT_PROJECT_VERSION = 1;
				DEVELOPMENT_TEAM = 9555ARGGFJ;
				GENERATE_INFOPLIST_FILE = YES;
				INFOPLIST_FILE = imageURL/Info.plist;
				INFOPLIST_KEY_UIApplicationSupportsIndirectInputEvents = YES;
				INFOPLIST_KEY_UILaunchStoryboardName = LaunchScreen;
				INFOPLIST_KEY_UISupportedInterfaceOrientations_iPad = "UIInterfaceOrientationPortrait UIInterfaceOrientationPortraitUpsideDown UIInterfaceOrientationLandscapeLeft UIInterfaceOrientationLandscapeRight";
				INFOPLIST_KEY_UISupportedInterfaceOrientations_iPhone = "UIInterfaceOrientationPortrait UIInterfaceOrientationLandscapeLeft UIInterfaceOrientationLandscapeRight";
				LD_RUNPATH_SEARCH_PATHS = (
					"$(inherited)",
					"@executable_path/Frameworks",
				);
				MARKETING_VERSION = 1.0;
				PRODUCT_BUNDLE_IDENTIFIER = com.sardorbek.imageURL;
				PRODUCT_NAME = "$(TARGET_NAME)";
				SWIFT_EMIT_LOC_STRINGS = YES;
				SWIFT_VERSION = 5.0;
				TARGETED_DEVICE_FAMILY = "1,2";
			};
			name = Release;
		};
/* End XCBuildConfiguration section */

/* Begin XCConfigurationList section */
		84CCB59A2C20269200036B46 /* Build configuration list for PBXProject "imageURL" */ = {
			isa = XCConfigurationList;
			buildConfigurations = (
				84CCB5B12C20269400036B46 /* Debug */,
				84CCB5B22C20269400036B46 /* Release */,
			);
			defaultConfigurationIsVisible = 0;
			defaultConfigurationName = Release;
		};
		84CCB5B32C20269400036B46 /* Build configuration list for PBXNativeTarget "imageURL" */ = {
			isa = XCConfigurationList;
			buildConfigurations = (
				84CCB5B42C20269400036B46 /* Debug */,
				84CCB5B52C20269400036B46 /* Release */,
			);
			defaultConfigurationIsVisible = 0;
			defaultConfigurationName = Release;
		};
/* End XCConfigurationList section */

/* Begin XCRemoteSwiftPackageReference section */
		84CCB5B62C2026B200036B46 /* XCRemoteSwiftPackageReference "SnapKit" */ = {
			isa = XCRemoteSwiftPackageReference;
			repositoryURL = "https://github.com/SnapKit/SnapKit.git";
			requirement = {
				kind = upToNextMajorVersion;
				minimumVersion = 5.7.1;
			};
		};
/* End XCRemoteSwiftPackageReference section */

/* Begin XCSwiftPackageProductDependency section */
		84CCB5B72C2026B200036B46 /* SnapKit */ = {
			isa = XCSwiftPackageProductDependency;
			package = 84CCB5B62C2026B200036B46 /* XCRemoteSwiftPackageReference "SnapKit" */;
			productName = SnapKit;
		};
/* End XCSwiftPackageProductDependency section */
	};
	rootObject = 84CCB5972C20269200036B46 /* Project object */;
}
